<?xml version="1.0" encoding="utf-8"?>
<Project ToolsVersion="4.0" xmlns="http://schemas.microsoft.com/developer/msbuild/2003">
  <ItemGroup>
    <Filter Include="Source Files">
      <UniqueIdentifier>{fedc355d-e78e-4535-a780-8ad26aaa4f54}</UniqueIdentifier>
      <Extensions>cpp;c;cxx;rc;def;r;odl;idl;hpj;bat</Extensions>
    </Filter>
    <Filter Include="Header Files">
      <UniqueIdentifier>{a0a992fa-8242-47c1-9e49-35f1b7b5bca0}</UniqueIdentifier>
      <Extensions>h;hpp;hxx;hm;inl</Extensions>
    </Filter>
  </ItemGroup>
  <ItemGroup>
    <ClCompile Include="vrpn_3DConnexion.C">
      <Filter>Source Files</Filter>
    </ClCompile>
    <ClCompile Include="vrpn_3DMicroscribe.C">
      <Filter>Source Files</Filter>
    </ClCompile>
    <ClCompile Include="vrpn_3Space.C">
      <Filter>Source Files</Filter>
    </ClCompile>
    <ClCompile Include="vrpn_5DT16.C">
      <Filter>Source Files</Filter>
    </ClCompile>
    <ClCompile Include="vrpn_ADBox.C">
      <Filter>Source Files</Filter>
    </ClCompile>
    <ClCompile Include="vrpn_Analog.C">
      <Filter>Source Files</Filter>
    </ClCompile>
    <ClCompile Include="vrpn_Analog_5dt.C">
      <Filter>Source Files</Filter>
    </ClCompile>
    <ClCompile Include="vrpn_Analog_5dtUSB.C">
      <Filter>Source Files</Filter>
    </ClCompile>
    <ClCompile Include="vrpn_Analog_Output.C">
      <Filter>Source Files</Filter>
    </ClCompile>
    <ClCompile Include="vrpn_Analog_Radamec_SPI.C">
      <Filter>Source Files</Filter>
    </ClCompile>
    <ClCompile Include="vrpn_Analog_USDigital_A2.C">
      <Filter>Source Files</Filter>
    </ClCompile>
    <ClCompile Include="vrpn_Assert.C">
      <Filter>Source Files</Filter>
    </ClCompile>
    <ClCompile Include="vrpn_Auxiliary_Logger.C">
      <Filter>Source Files</Filter>
    </ClCompile>
    <ClCompile Include="vrpn_BaseClass.C">
      <Filter>Source Files</Filter>
    </ClCompile>
    <ClCompile Include="vrpn_BiosciencesTools.C">
      <Filter>Source Files</Filter>
    </ClCompile>
    <ClCompile Include="vrpn_Button.C">
      <Filter>Source Files</Filter>
    </ClCompile>
    <ClCompile Include="vrpn_Button_NI_DIO24.C">
      <Filter>Source Files</Filter>
    </ClCompile>
    <ClCompile Include="vrpn_Button_USB.cpp">
      <Filter>Source Files</Filter>
    </ClCompile>
    <ClCompile Include="vrpn_CerealBox.C">
      <Filter>Source Files</Filter>
    </ClCompile>
    <ClCompile Include="vrpn_CHProducts_Controller_Raw.C">
      <Filter>Source Files</Filter>
    </ClCompile>
    <ClCompile Include="vrpn_Connection.C">
      <Filter>Source Files</Filter>
    </ClCompile>
    <ClCompile Include="vrpn_Contour.C">
      <Filter>Source Files</Filter>
    </ClCompile>
    <ClCompile Include="vrpn_DevInput.C">
      <Filter>Source Files</Filter>
    </ClCompile>
    <ClCompile Include="vrpn_Dial.C">
      <Filter>Source Files</Filter>
    </ClCompile>
    <ClCompile Include="vrpn_DirectXFFJoystick.C">
      <Filter>Source Files</Filter>
    </ClCompile>
    <ClCompile Include="vrpn_DirectXRumblePad.C">
      <Filter>Source Files</Filter>
    </ClCompile>
    <ClCompile Include="vrpn_DreamCheeky.C">
      <Filter>Source Files</Filter>
    </ClCompile>
    <ClCompile Include="vrpn_Dyna.C">
      <Filter>Source Files</Filter>
    </ClCompile>
    <ClCompile Include="vrpn_EndpointContainer.C">
      <Filter>Source Files</Filter>
    </ClCompile>
    <ClCompile Include="vrpn_Event.C">
      <Filter>Source Files</Filter>
    </ClCompile>
    <ClCompile Include="vrpn_Event_Analog.C">
      <Filter>Source Files</Filter>
    </ClCompile>
    <ClCompile Include="vrpn_Event_Mouse.C">
      <Filter>Source Files</Filter>
    </ClCompile>
    <ClCompile Include="vrpn_FileConnection.C">
      <Filter>Source Files</Filter>
    </ClCompile>
    <ClCompile Include="vrpn_FileController.C">
      <Filter>Source Files</Filter>
    </ClCompile>
    <ClCompile Include="vrpn_Flock.C">
      <Filter>Source Files</Filter>
    </ClCompile>
    <ClCompile Include="vrpn_Flock_Parallel.C">
      <Filter>Source Files</Filter>
    </ClCompile>
    <ClCompile Include="vrpn_ForceDevice.C">
      <Filter>Source Files</Filter>
    </ClCompile>
    <ClCompile Include="vrpn_ForceDeviceServer.C">
      <Filter>Source Files</Filter>
    </ClCompile>
    <ClCompile Include="vrpn_Forwarder.C">
      <Filter>Source Files</Filter>
    </ClCompile>
    <ClCompile Include="vrpn_ForwarderController.C">
      <Filter>Source Files</Filter>
    </ClCompile>
    <ClCompile Include="vrpn_Freespace.C">
      <Filter>Source Files</Filter>
    </ClCompile>
    <ClCompile Include="vrpn_FunctionGenerator.C">
      <Filter>Source Files</Filter>
    </ClCompile>
    <ClCompile Include="vrpn_Futaba.C">
      <Filter>Source Files</Filter>
    </ClCompile>
    <ClCompile Include="vrpn_GlobalHapticsOrb.C">
      <Filter>Source Files</Filter>
    </ClCompile>
    <ClCompile Include="vrpn_Griffin.C">
      <Filter>Source Files</Filter>
    </ClCompile>
    <ClCompile Include="vrpn_HumanInterface.C">
      <Filter>Source Files</Filter>
    </ClCompile>
    <ClCompile Include="vrpn_IDEA.C">
      <Filter>Source Files</Filter>
    </ClCompile>
    <ClCompile Include="vrpn_Imager.C">
      <Filter>Source Files</Filter>
    </ClCompile>
    <ClCompile Include="vrpn_Imager_Stream_Buffer.C">
      <Filter>Source Files</Filter>
    </ClCompile>
    <ClCompile Include="vrpn_ImmersionBox.C">
      <Filter>Source Files</Filter>
    </ClCompile>
    <ClCompile Include="vrpn_inertiamouse.C">
      <Filter>Source Files</Filter>
    </ClCompile>
    <ClCompile Include="vrpn_JoyFly.C">
      <Filter>Source Files</Filter>
    </ClCompile>
    <ClCompile Include="vrpn_Joylin.C">
      <Filter>Source Files</Filter>
    </ClCompile>
    <ClCompile Include="vrpn_Joywin32.C">
      <Filter>Source Files</Filter>
    </ClCompile>
    <ClCompile Include="vrpn_Keyboard.C">
      <Filter>Source Files</Filter>
    </ClCompile>
    <ClCompile Include="vrpn_LamportClock.C">
      <Filter>Source Files</Filter>
    </ClCompile>
    <ClCompile Include="vrpn_Laputa.C">
      <Filter>Source Files</Filter>
    </ClCompile>
    <ClCompile Include="vrpn_Local_HIDAPI.C">
      <Filter>Source Files</Filter>
    </ClCompile>
    <ClCompile Include="vrpn_Logitech_Controller_Raw.C">
      <Filter>Source Files</Filter>
    </ClCompile>
    <ClCompile Include="vrpn_LUDL.C">
      <Filter>Source Files</Filter>
    </ClCompile>
    <ClCompile Include="vrpn_Magellan.C">
      <Filter>Source Files</Filter>
    </ClCompile>
    <ClCompile Include="vrpn_Microsoft_Controller_Raw.C">
      <Filter>Source Files</Filter>
    </ClCompile>
    <ClCompile Include="vrpn_Mouse.C">
      <Filter>Source Files</Filter>
    </ClCompile>
    <ClCompile Include="vrpn_Mutex.C">
      <Filter>Source Files</Filter>
    </ClCompile>
    <ClCompile Include="vrpn_NationalInstruments.C">
      <Filter>Source Files</Filter>
    </ClCompile>
    <ClCompile Include="vrpn_Nidaq.C">
      <Filter>Source Files</Filter>
    </ClCompile>
    <ClCompile Include="vrpn_nikon_controls.C">
      <Filter>Source Files</Filter>
    </ClCompile>
    <ClCompile Include="vrpn_nVidia_shield_controller.C">
      <Filter>Source Files</Filter>
    </ClCompile>
    <ClCompile Include="vrpn_Oculus.C">
      <Filter>Source Files</Filter>
    </ClCompile>
    <ClCompile Include="vrpn_OmegaTemperature.C">
      <Filter>Source Files</Filter>
    </ClCompile>
    <ClCompile Include="vrpn_Poser.C">
      <Filter>Source Files</Filter>
    </ClCompile>
    <ClCompile Include="vrpn_Poser_Analog.C">
      <Filter>Source Files</Filter>
    </ClCompile>
    <ClCompile Include="vrpn_Poser_Tek4662.C">
      <Filter>Source Files</Filter>
    </ClCompile>
    <ClCompile Include="vrpn_raw_sgibox.C">
      <Filter>Source Files</Filter>
    </ClCompile>
    <ClCompile Include="vrpn_RedundantTransmission.C">
      <Filter>Source Files</Filter>
    </ClCompile>
    <ClCompile Include="vrpn_Retrolink.C">
      <Filter>Source Files</Filter>
    </ClCompile>
    <ClCompile Include="vrpn_Saitek_Controller_Raw.C">
      <Filter>Source Files</Filter>
    </ClCompile>
    <ClCompile Include="vrpn_Serial.C">
      <Filter>Source Files</Filter>
    </ClCompile>
    <ClCompile Include="vrpn_SerialPort.C">
      <Filter>Source Files</Filter>
    </ClCompile>
    <ClCompile Include="vrpn_sgibox.C">
      <Filter>Source Files</Filter>
    </ClCompile>
    <ClCompile Include="vrpn_Shared.C">
      <Filter>Source Files</Filter>
    </ClCompile>
    <ClCompile Include="vrpn_SharedObject.C">
      <Filter>Source Files</Filter>
    </ClCompile>
    <ClCompile Include="vrpn_Sound.C">
      <Filter>Source Files</Filter>
    </ClCompile>
    <ClCompile Include="vrpn_Spaceball.C">
      <Filter>Source Files</Filter>
    </ClCompile>
    <ClCompile Include="vrpn_Streaming_Arduino.C">
      <Filter>Source Files</Filter>
    </ClCompile>
    <ClCompile Include="vrpn_Text.C">
      <Filter>Source Files</Filter>
    </ClCompile>
    <ClCompile Include="vrpn_Thread.C">
      <Filter>Source Files</Filter>
    </ClCompile>
    <ClCompile Include="vrpn_Tng3.C">
      <Filter>Source Files</Filter>
    </ClCompile>
    <ClCompile Include="vrpn_Tracker.C">
      <Filter>Source Files</Filter>
    </ClCompile>
    <ClCompile Include="vrpn_Tracker_3DMouse.C">
      <Filter>Source Files</Filter>
    </ClCompile>
    <ClCompile Include="vrpn_Tracker_AnalogFly.C">
      <Filter>Source Files</Filter>
    </ClCompile>
    <ClCompile Include="vrpn_Tracker_ButtonFly.C">
      <Filter>Source Files</Filter>
    </ClCompile>
    <ClCompile Include="vrpn_Tracker_Colibri.C">
      <Filter>Source Files</Filter>
    </ClCompile>
    <ClCompile Include="vrpn_Tracker_Crossbow.C">
      <Filter>Source Files</Filter>
    </ClCompile>
    <ClCompile Include="vrpn_Tracker_DTrack.C">
      <Filter>Source Files</Filter>
    </ClCompile>
    <ClCompile Include="vrpn_Tracker_Fastrak.C">
      <Filter>Source Files</Filter>
    </ClCompile>
    <ClCompile Include="vrpn_Tracker_Filter.C">
      <Filter>Source Files</Filter>
    </ClCompile>
    <ClCompile Include="vrpn_Tracker_GameTrak.C">
      <Filter>Source Files</Filter>
    </ClCompile>
    <ClCompile Include="vrpn_Tracker_GPS.C">
      <Filter>Source Files</Filter>
    </ClCompile>
    <ClCompile Include="vrpn_Tracker_IMU.C">
      <Filter>Source Files</Filter>
    </ClCompile>
    <ClCompile Include="vrpn_Tracker_isense.C">
      <Filter>Source Files</Filter>
    </ClCompile>
    <ClCompile Include="vrpn_Tracker_Isotrak.C">
      <Filter>Source Files</Filter>
    </ClCompile>
    <ClCompile Include="vrpn_Tracker_JsonNet.C">
      <Filter>Source Files</Filter>
    </ClCompile>
    <ClCompile Include="vrpn_Tracker_Liberty.C">
      <Filter>Source Files</Filter>
    </ClCompile>
    <ClCompile Include="vrpn_Tracker_LibertyHS.C">
      <Filter>Source Files</Filter>
    </ClCompile>
    <ClCompile Include="vrpn_Tracker_MotionNode.C">
      <Filter>Source Files</Filter>
    </ClCompile>
    <ClCompile Include="vrpn_Tracker_NDI_Polaris.C">
      <Filter>Source Files</Filter>
    </ClCompile>
    <ClCompile Include="vrpn_Tracker_NovintFalcon.C">
      <Filter>Source Files</Filter>
    </ClCompile>
    <ClCompile Include="vrpn_Tracker_OSVRHackerDevKit.C">
      <Filter>Source Files</Filter>
    </ClCompile>
    <ClCompile Include="vrpn_Tracker_PDI.C">
      <Filter>Source Files</Filter>
    </ClCompile>
    <ClCompile Include="vrpn_Tracker_PhaseSpace.C">
      <Filter>Source Files</Filter>
    </ClCompile>
    <ClCompile Include="vrpn_Tracker_RazerHydra.C">
      <Filter>Source Files</Filter>
    </ClCompile>
    <ClCompile Include="vrpn_Tracker_SpacePoint.C">
      <Filter>Source Files</Filter>
    </ClCompile>
    <ClCompile Include="vrpn_Tracker_ThalmicLabsMyo.C">
      <Filter>Source Files</Filter>
    </ClCompile>
    <ClCompile Include="vrpn_Tracker_TrivisioColibri.C">
      <Filter>Source Files</Filter>
    </ClCompile>
    <ClCompile Include="vrpn_Tracker_ViewPoint.C">
      <Filter>Source Files</Filter>
    </ClCompile>
    <ClCompile Include="vrpn_Tracker_WiimoteHead.C">
      <Filter>Source Files</Filter>
    </ClCompile>
    <ClCompile Include="vrpn_Tracker_Wintracker.C">
      <Filter>Source Files</Filter>
    </ClCompile>
    <ClCompile Include="vrpn_Tracker_zSight.C">
      <Filter>Source Files</Filter>
    </ClCompile>
    <ClCompile Include="vrpn_UNC_Joystick.C">
      <Filter>Source Files</Filter>
    </ClCompile>
    <ClCompile Include="vrpn_VPJoystick.C">
      <Filter>Source Files</Filter>
    </ClCompile>
    <ClCompile Include="vrpn_Wanda.C">
      <Filter>Source Files</Filter>
    </ClCompile>
    <ClCompile Include="vrpn_WiiMote.C">
      <Filter>Source Files</Filter>
    </ClCompile>
    <ClCompile Include="vrpn_XInputGamepad.C">
      <Filter>Source Files</Filter>
    </ClCompile>
    <ClCompile Include="vrpn_Xkeys.C">
      <Filter>Source Files</Filter>
    </ClCompile>
    <ClCompile Include="vrpn_YEI_3Space.C">
      <Filter>Source Files</Filter>
    </ClCompile>
    <ClCompile Include="vrpn_Zaber.C">
      <Filter>Source Files</Filter>
    </ClCompile>
  </ItemGroup>
  <ItemGroup>
    <ClInclude Include="vrpn_3DConnexion.h">
      <Filter>Header Files</Filter>
    </ClInclude>
    <ClInclude Include="vrpn_3DMicroscribe.h">
      <Filter>Header Files</Filter>
    </ClInclude>
    <ClInclude Include="vrpn_3Space.h">
      <Filter>Header Files</Filter>
    </ClInclude>
    <ClInclude Include="vrpn_5DT16.h">
      <Filter>Header Files</Filter>
    </ClInclude>
    <ClInclude Include="vrpn_ADBox.h">
      <Filter>Header Files</Filter>
    </ClInclude>
    <ClInclude Include="vrpn_Analog.h">
      <Filter>Header Files</Filter>
    </ClInclude>
    <ClInclude Include="vrpn_Analog_5dt.h">
      <Filter>Header Files</Filter>
    </ClInclude>
    <ClInclude Include="vrpn_Analog_5dtUSB.h">
      <Filter>Header Files</Filter>
    </ClInclude>
    <ClInclude Include="vrpn_Analog_Output.h">
      <Filter>Header Files</Filter>
    </ClInclude>
    <ClInclude Include="vrpn_Analog_Radamec_SPI.h">
      <Filter>Header Files</Filter>
    </ClInclude>
    <ClInclude Include="vrpn_Analog_USDigital_A2.h">
      <Filter>Header Files</Filter>
    </ClInclude>
    <ClInclude Include="vrpn_Assert.h">
      <Filter>Header Files</Filter>
    </ClInclude>
    <ClInclude Include="vrpn_Auxiliary_Logger.h">
      <Filter>Header Files</Filter>
    </ClInclude>
    <ClInclude Include="vrpn_BaseClass.h">
      <Filter>Header Files</Filter>
    </ClInclude>
    <ClInclude Include="vrpn_BiosciencesTools.h">
      <Filter>Header Files</Filter>
    </ClInclude>
    <ClInclude Include="vrpn_Button.h">
      <Filter>Header Files</Filter>
    </ClInclude>
    <ClInclude Include="vrpn_Button_NI_DIO24.h">
      <Filter>Header Files</Filter>
    </ClInclude>
    <ClInclude Include="vrpn_Button_USB.h">
      <Filter>Header Files</Filter>
    </ClInclude>
    <ClInclude Include="vrpn_CerealBox.h">
      <Filter>Header Files</Filter>
    </ClInclude>
    <ClInclude Include="vrpn_CHProducts_Controller_Raw.h">
      <Filter>Header Files</Filter>
    </ClInclude>
    <ClInclude Include="vrpn_Configure.h">
      <Filter>Header Files</Filter>
    </ClInclude>
    <ClInclude Include="vrpn_Connection.h">
      <Filter>Header Files</Filter>
    </ClInclude>
    <ClInclude Include="vrpn_ConnectionPtr.h">
      <Filter>Header Files</Filter>
    </ClInclude>
    <ClInclude Include="vrpn_Contour.h">
      <Filter>Header Files</Filter>
    </ClInclude>
    <ClInclude Include="vrpn_DevInput.h">
      <Filter>Header Files</Filter>
    </ClInclude>
    <ClInclude Include="vrpn_Dial.h">
      <Filter>Header Files</Filter>
    </ClInclude>
    <ClInclude Include="vrpn_DirectXFFJoystick.h">
      <Filter>Header Files</Filter>
    </ClInclude>
    <ClInclude Include="vrpn_DirectXRumblePad.h">
      <Filter>Header Files</Filter>
    </ClInclude>
    <ClInclude Include="vrpn_DreamCheeky.h">
      <Filter>Header Files</Filter>
    </ClInclude>
    <ClInclude Include="vrpn_Dyna.h">
      <Filter>Header Files</Filter>
    </ClInclude>
    <ClInclude Include="vrpn_EndpointContainer.h">
      <Filter>Header Files</Filter>
    </ClInclude>
    <ClInclude Include="vrpn_Event.h">
      <Filter>Header Files</Filter>
    </ClInclude>
    <ClInclude Include="vrpn_Event_Analog.h">
      <Filter>Header Files</Filter>
    </ClInclude>
    <ClInclude Include="vrpn_Event_Mouse.h">
      <Filter>Header Files</Filter>
    </ClInclude>
    <ClInclude Include="vrpn_FileConnection.h">
      <Filter>Header Files</Filter>
    </ClInclude>
    <ClInclude Include="vrpn_FileController.h">
      <Filter>Header Files</Filter>
    </ClInclude>
    <ClInclude Include="vrpn_FixedPoint.h">
      <Filter>Header Files</Filter>
    </ClInclude>
    <ClInclude Include="vrpn_Flock.h">
      <Filter>Header Files</Filter>
    </ClInclude>
    <ClInclude Include="vrpn_Flock_Parallel.h">
      <Filter>Header Files</Filter>
    </ClInclude>
    <ClInclude Include="vrpn_ForceDevice.h">
      <Filter>Header Files</Filter>
    </ClInclude>
    <ClInclude Include="vrpn_ForceDeviceServer.h">
      <Filter>Header Files</Filter>
    </ClInclude>
    <ClInclude Include="vrpn_Forwarder.h">
      <Filter>Header Files</Filter>
    </ClInclude>
    <ClInclude Include="vrpn_ForwarderController.h">
      <Filter>Header Files</Filter>
    </ClInclude>
    <ClInclude Include="vrpn_Freespace.h">
      <Filter>Header Files</Filter>
    </ClInclude>
    <ClInclude Include="vrpn_FunctionGenerator.h">
      <Filter>Header Files</Filter>
    </ClInclude>
    <ClInclude Include="vrpn_Futaba.h">
      <Filter>Header Files</Filter>
    </ClInclude>
    <ClInclude Include="vrpn_GlobalHapticsOrb.h">
      <Filter>Header Files</Filter>
    </ClInclude>
    <ClInclude Include="vrpn_Griffin.h">
      <Filter>Header Files</Filter>
    </ClInclude>
    <ClInclude Include="vrpn_HashST.h">
      <Filter>Header Files</Filter>
    </ClInclude>
    <ClInclude Include="vrpn_HumanInterface.h">
      <Filter>Header Files</Filter>
    </ClInclude>
    <ClInclude Include="vrpn_IDEA.h">
      <Filter>Header Files</Filter>
    </ClInclude>
    <ClInclude Include="vrpn_Imager.h">
      <Filter>Header Files</Filter>
    </ClInclude>
    <ClInclude Include="vrpn_Imager_Stream_Buffer.h">
      <Filter>Header Files</Filter>
    </ClInclude>
    <ClInclude Include="vrpn_ImmersionBox.h">
      <Filter>Header Files</Filter>
    </ClInclude>
    <ClInclude Include="vrpn_inertiamouse.h">
      <Filter>Header Files</Filter>
    </ClInclude>
    <ClInclude Include="vrpn_JoyFly.h">
      <Filter>Header Files</Filter>
    </ClInclude>
    <ClInclude Include="vrpn_Joylin.h">
      <Filter>Header Files</Filter>
    </ClInclude>
    <ClInclude Include="vrpn_Joywin32.h">
      <Filter>Header Files</Filter>
    </ClInclude>
    <ClInclude Include="vrpn_Keyboard.h">
      <Filter>Header Files</Filter>
    </ClInclude>
    <ClInclude Include="vrpn_LamportClock.h">
      <Filter>Header Files</Filter>
    </ClInclude>
    <ClInclude Include="vrpn_Laputa.h">
      <Filter>Header Files</Filter>
    </ClInclude>
    <ClInclude Include="vrpn_Log.h">
      <Filter>Header Files</Filter>
    </ClInclude>
    <ClInclude Include="vrpn_Logitech_Controller_Raw.h">
      <Filter>Header Files</Filter>
    </ClInclude>
    <ClInclude Include="vrpn_LUDL.h">
      <Filter>Header Files</Filter>
    </ClInclude>
    <ClInclude Include="vrpn_Magellan.h">
      <Filter>Header Files</Filter>
    </ClInclude>
    <ClInclude Include="vrpn_MainloopContainer.h">
      <Filter>Header Files</Filter>
    </ClInclude>
    <ClInclude Include="vrpn_MainloopObject.h">
      <Filter>Header Files</Filter>
    </ClInclude>
    <ClInclude Include="vrpn_MessageMacros.h">
      <Filter>Header Files</Filter>
    </ClInclude>
    <ClInclude Include="vrpn_Microsoft_Controller_Raw.h">
      <Filter>Header Files</Filter>
    </ClInclude>
    <ClInclude Include="vrpn_Mouse.h">
      <Filter>Header Files</Filter>
    </ClInclude>
    <ClInclude Include="vrpn_Mutex.h">
      <Filter>Header Files</Filter>
    </ClInclude>
    <ClInclude Include="vrpn_NationalInstruments.h">
      <Filter>Header Files</Filter>
    </ClInclude>
    <ClInclude Include="vrpn_Nidaq.h">
      <Filter>Header Files</Filter>
    </ClInclude>
    <ClInclude Include="vrpn_nikon_controls.h">
      <Filter>Header Files</Filter>
    </ClInclude>
    <ClInclude Include="vrpn_nVidia_shield_controller.h">
      <Filter>Header Files</Filter>
    </ClInclude>
    <ClInclude Include="vrpn_Oculus.h">
      <Filter>Header Files</Filter>
    </ClInclude>
    <ClInclude Include="vrpn_OmegaTemperature.h">
      <Filter>Header Files</Filter>
    </ClInclude>
    <ClInclude Include="vrpn_OneEuroFilter.h">
      <Filter>Header Files</Filter>
    </ClInclude>
    <ClInclude Include="vrpn_OwningPtr.h">
      <Filter>Header Files</Filter>
    </ClInclude>
    <ClInclude Include="vrpn_Poser.h">
      <Filter>Header Files</Filter>
    </ClInclude>
    <ClInclude Include="vrpn_Poser_Analog.h">
      <Filter>Header Files</Filter>
    </ClInclude>
    <ClInclude Include="vrpn_Poser_Tek4662.h">
      <Filter>Header Files</Filter>
    </ClInclude>
    <ClInclude Include="vrpn_raw_sgibox.h">
      <Filter>Header Files</Filter>
    </ClInclude>
    <ClInclude Include="vrpn_RedundantTransmission.h">
      <Filter>Header Files</Filter>
    </ClInclude>
    <ClInclude Include="vrpn_Retrolink.h">
      <Filter>Header Files</Filter>
    </ClInclude>
    <ClInclude Include="vrpn_Saitek_Controller_Raw.h">
      <Filter>Header Files</Filter>
    </ClInclude>
    <ClInclude Include="vrpn_SendTextMessageStreamProxy.h">
      <Filter>Header Files</Filter>
    </ClInclude>
    <ClInclude Include="vrpn_Serial.h">
      <Filter>Header Files</Filter>
    </ClInclude>
    <ClInclude Include="vrpn_SerialPort.h">
      <Filter>Header Files</Filter>
    </ClInclude>
    <ClInclude Include="vrpn_sgibox.h">
      <Filter>Header Files</Filter>
    </ClInclude>
    <ClInclude Include="vrpn_Shared.h">
      <Filter>Header Files</Filter>
    </ClInclude>
    <ClInclude Include="vrpn_SharedObject.h">
      <Filter>Header Files</Filter>
    </ClInclude>
    <ClInclude Include="vrpn_Sound.h">
      <Filter>Header Files</Filter>
    </ClInclude>
    <ClInclude Include="vrpn_Spaceball.h">
      <Filter>Header Files</Filter>
    </ClInclude>
    <ClInclude Include="vrpn_Streaming_Arduino.h">
      <Filter>Header Files</Filter>
    </ClInclude>
    <ClInclude Include="vrpn_Text.h">
      <Filter>Header Files</Filter>
    </ClInclude>
    <ClInclude Include="vrpn_Thread.h">
      <Filter>Header Files</Filter>
    </ClInclude>
    <ClInclude Include="vrpn_Tng3.h">
      <Filter>Header Files</Filter>
    </ClInclude>
    <ClInclude Include="vrpn_Tracker.h">
      <Filter>Header Files</Filter>
    </ClInclude>
    <ClInclude Include="vrpn_Tracker_3DMouse.h">
      <Filter>Header Files</Filter>
    </ClInclude>
    <ClInclude Include="vrpn_Tracker_AnalogFly.h">
      <Filter>Header Files</Filter>
    </ClInclude>
    <ClInclude Include="vrpn_Tracker_ButtonFly.h">
      <Filter>Header Files</Filter>
    </ClInclude>
    <ClInclude Include="vrpn_Tracker_Colibri.h">
      <Filter>Header Files</Filter>
    </ClInclude>
    <ClInclude Include="vrpn_Tracker_Crossbow.h">
      <Filter>Header Files</Filter>
    </ClInclude>
    <ClInclude Include="vrpn_Tracker_DTrack.h">
      <Filter>Header Files</Filter>
    </ClInclude>
    <ClInclude Include="vrpn_Tracker_Fastrak.h">
      <Filter>Header Files</Filter>
    </ClInclude>
    <ClInclude Include="vrpn_Tracker_Filter.h">
      <Filter>Header Files</Filter>
    </ClInclude>
    <ClInclude Include="vrpn_Tracker_GameTrak.h">
      <Filter>Header Files</Filter>
    </ClInclude>
    <ClInclude Include="vrpn_Tracker_GPS.h">
      <Filter>Header Files</Filter>
    </ClInclude>
    <ClInclude Include="vrpn_Tracker_IMU.h">
      <Filter>Header Files</Filter>
    </ClInclude>
    <ClInclude Include="vrpn_Tracker_isense.h">
      <Filter>Header Files</Filter>
    </ClInclude>
    <ClInclude Include="vrpn_Tracker_Isotrak.h">
      <Filter>Header Files</Filter>
    </ClInclude>
    <ClInclude Include="vrpn_Tracker_JsonNet.h">
      <Filter>Header Files</Filter>
    </ClInclude>
    <ClInclude Include="vrpn_Tracker_Liberty.h">
      <Filter>Header Files</Filter>
    </ClInclude>
    <ClInclude Include="vrpn_Tracker_LibertyHS.h">
      <Filter>Header Files</Filter>
    </ClInclude>
    <ClInclude Include="vrpn_Tracker_MotionNode.h">
      <Filter>Header Files</Filter>
    </ClInclude>
    <ClInclude Include="vrpn_Tracker_NDI_Polaris.h">
      <Filter>Header Files</Filter>
    </ClInclude>
    <ClInclude Include="vrpn_Tracker_NovintFalcon.h">
      <Filter>Header Files</Filter>
    </ClInclude>
    <ClInclude Include="vrpn_Tracker_OSVRHackerDevKit.h">
      <Filter>Header Files</Filter>
    </ClInclude>
    <ClInclude Include="vrpn_Tracker_PDI.h">
      <Filter>Header Files</Filter>
    </ClInclude>
    <ClInclude Include="vrpn_Tracker_PhaseSpace.h">
      <Filter>Header Files</Filter>
    </ClInclude>
    <ClInclude Include="vrpn_Tracker_RazerHydra.h">
      <Filter>Header Files</Filter>
    </ClInclude>
    <ClInclude Include="vrpn_Tracker_SpacePoint.h">
      <Filter>Header Files</Filter>
    </ClInclude>
    <ClInclude Include="vrpn_Tracker_ThalmicLabsMyo.h">
      <Filter>Header Files</Filter>
    </ClInclude>
    <ClInclude Include="vrpn_Tracker_TrivisioColibri.h">
      <Filter>Header Files</Filter>
    </ClInclude>
    <ClInclude Include="vrpn_Tracker_ViewPoint.h">
      <Filter>Header Files</Filter>
    </ClInclude>
    <ClInclude Include="vrpn_Tracker_WiimoteHead.h">
      <Filter>Header Files</Filter>
    </ClInclude>
    <ClInclude Include="vrpn_Tracker_Wintracker.h">
      <Filter>Header Files</Filter>
    </ClInclude>
    <ClInclude Include="vrpn_Tracker_zSight.h">
      <Filter>Header Files</Filter>
    </ClInclude>
    <ClInclude Include="vrpn_Types.h">
      <Filter>Header Files</Filter>
    </ClInclude>
    <ClInclude Include="vrpn_UNC_Joystick.h">
      <Filter>Header Files</Filter>
    </ClInclude>
    <ClInclude Include="vrpn_VPJoystick.h">
      <Filter>Header Files</Filter>
    </ClInclude>
    <ClInclude Include="vrpn_Wanda.h">
      <Filter>Header Files</Filter>
    </ClInclude>
    <ClInclude Include="vrpn_WiiMote.h">
      <Filter>Header Files</Filter>
    </ClInclude>
    <ClInclude Include="vrpn_WindowsH.h">
      <Filter>Header Files</Filter>
    </ClInclude>
    <ClInclude Include="vrpn_XInputGamepad.h">
      <Filter>Header Files</Filter>
    </ClInclude>
    <ClInclude Include="vrpn_Xkeys.h">
      <Filter>Header Files</Filter>
    </ClInclude>
    <ClInclude Include="vrpn_YEI_3Space.h">
      <Filter>Header Files</Filter>
    </ClInclude>
    <ClInclude Include="vrpn_Zaber.h">
      <Filter>Header Files</Filter>
    </ClInclude>
  </ItemGroup>
</Project>