Microsoft Visual Studio Solution File, Format Version 10.00
# Visual Studio 2008
Project("{2150E333-8FDC-42A3-9474-1A3956D46DE8}") = "Tests", "Tests", "{75C9A5FE-75B1-4462-AD62-A03476E1935B}"
EndProject
Project("{2150E333-8FDC-42A3-9474-1A3956D46DE8}") = "Utilities", "Utilities", "{D0EA1EF6-1E10-4DA1-8CA7-7AB288412650}"
EndProject
Project("{2150E333-8FDC-42A3-9474-1A3956D46DE8}") = "Library", "Library", "{1BEEE31E-C293-4DB6-9790-4EF575747A1D}"
EndProject
Project("{2150E333-8FDC-42A3-9474-1A3956D46DE8}") = "Main_Server", "Main_Server", "{0B1F0287-8AEF-4D18-BF73-466D8ACA18D1}"
EndProject
Project("{2150E333-8FDC-42A3-9474-1A3956D46DE8}") = "Other_Servers", "Other_Servers", "{B215CEE5-020A-4F34-88C6-5565792A72FD}"
EndProject
Project("{8BC9CEB8-8B4A-11D0-8D11-00A0C91BC942}") = "client_and_server", "server_src\client_and_server.vcproj", "{E99FB2FA-3281-4DBE-905E-F4C7F4183F09}"
	ProjectSection(ProjectDependencies) = postProject
		{7EE1DB03-16A5-4465-9164-061BE0C88B8C} = {7EE1DB03-16A5-4465-9164-061BE0C88B8C}
		{0C16E98C-A372-4E58-990D-EE276B32644E} = {0C16E98C-A372-4E58-990D-EE276B32644E}
		{7E69F3AB-E629-4AD4-A1FA-BE6BF678CDFF} = {7E69F3AB-E629-4AD4-A1FA-BE6BF678CDFF}
	EndProjectSection
EndProject
Project("{8BC9CEB8-8B4A-11D0-8D11-00A0C91BC942}") = "clock_drift_estimator", "client_src\clock_drift_estimator.vcproj", "{9B18AC3E-2CA6-425A-9049-228821F3D081}"
	ProjectSection(ProjectDependencies) = postProject
		{7EE1DB03-16A5-4465-9164-061BE0C88B8C} = {7EE1DB03-16A5-4465-9164-061BE0C88B8C}
		{7E69F3AB-E629-4AD4-A1FA-BE6BF678CDFF} = {7E69F3AB-E629-4AD4-A1FA-BE6BF678CDFF}
	EndProjectSection
EndProject
Project("{8BC9CEB8-8B4A-11D0-8D11-00A0C91BC942}") = "daq_server", "server_src\daq_server.vcproj", "{49248084-B6D2-4E33-BA43-BF51953377AC}"
	ProjectSection(ProjectDependencies) = postProject
		{7EE1DB03-16A5-4465-9164-061BE0C88B8C} = {7EE1DB03-16A5-4465-9164-061BE0C88B8C}
		{7E69F3AB-E629-4AD4-A1FA-BE6BF678CDFF} = {7E69F3AB-E629-4AD4-A1FA-BE6BF678CDFF}
	EndProjectSection
EndProject
Project("{8BC9CEB8-8B4A-11D0-8D11-00A0C91BC942}") = "forcedevice_test_client", "client_src\forcedevice_test_client.vcproj", "{91042ED0-E0EC-40E1-9AEB-FD5296EA11A7}"
	ProjectSection(ProjectDependencies) = postProject
		{7EE1DB03-16A5-4465-9164-061BE0C88B8C} = {7EE1DB03-16A5-4465-9164-061BE0C88B8C}
		{0C16E98C-A372-4E58-990D-EE276B32644E} = {0C16E98C-A372-4E58-990D-EE276B32644E}
		{7E69F3AB-E629-4AD4-A1FA-BE6BF678CDFF} = {7E69F3AB-E629-4AD4-A1FA-BE6BF678CDFF}
	EndProjectSection
EndProject
Project("{8BC9CEB8-8B4A-11D0-8D11-00A0C91BC942}") = "make_vrpn_libs_build", "make_vrpn_libs_build.vcproj", "{7E69F3AB-E629-4AD4-A1FA-BE6BF678CDFF}"
	ProjectSection(ProjectDependencies) = postProject
		{7EE1DB03-16A5-4465-9164-061BE0C88B8C} = {7EE1DB03-16A5-4465-9164-061BE0C88B8C}
		{5F38B32E-B5AE-4316-B15E-9E21D033B1BE} = {5F38B32E-B5AE-4316-B15E-9E21D033B1BE}
	EndProjectSection
EndProject
Project("{8BC9CEB8-8B4A-11D0-8D11-00A0C91BC942}") = "printcereal", "client_src\printcereal.vcproj", "{4FC1C71E-8977-438B-AE1D-F1CD7D2C2D03}"
	ProjectSection(ProjectDependencies) = postProject
		{7EE1DB03-16A5-4465-9164-061BE0C88B8C} = {7EE1DB03-16A5-4465-9164-061BE0C88B8C}
		{7E69F3AB-E629-4AD4-A1FA-BE6BF678CDFF} = {7E69F3AB-E629-4AD4-A1FA-BE6BF678CDFF}
	EndProjectSection
EndProject
Project("{8BC9CEB8-8B4A-11D0-8D11-00A0C91BC942}") = "printvals", "client_src\printvals.vcproj", "{A1B0D907-E30D-4CB9-B313-D342AD5CC3E7}"
	ProjectSection(ProjectDependencies) = postProject
		{7EE1DB03-16A5-4465-9164-061BE0C88B8C} = {7EE1DB03-16A5-4465-9164-061BE0C88B8C}
		{0C16E98C-A372-4E58-990D-EE276B32644E} = {0C16E98C-A372-4E58-990D-EE276B32644E}
		{7E69F3AB-E629-4AD4-A1FA-BE6BF678CDFF} = {7E69F3AB-E629-4AD4-A1FA-BE6BF678CDFF}
	EndProjectSection
EndProject
Project("{8BC9CEB8-8B4A-11D0-8D11-00A0C91BC942}") = "sphere_client", "client_src\sphere_client.vcproj", "{14E21AB6-F3E9-4CA9-BF51-1E9443979B3C}"
	ProjectSection(ProjectDependencies) = postProject
		{7EE1DB03-16A5-4465-9164-061BE0C88B8C} = {7EE1DB03-16A5-4465-9164-061BE0C88B8C}
		{0C16E98C-A372-4E58-990D-EE276B32644E} = {0C16E98C-A372-4E58-990D-EE276B32644E}
		{7E69F3AB-E629-4AD4-A1FA-BE6BF678CDFF} = {7E69F3AB-E629-4AD4-A1FA-BE6BF678CDFF}
	EndProjectSection
EndProject
Project("{8BC9CEB8-8B4A-11D0-8D11-00A0C91BC942}") = "test_analogfly", "server_src\test_analogfly.vcproj", "{ACD7DC44-3F1B-4321-86E0-2623B7CA0971}"
	ProjectSection(ProjectDependencies) = postProject
		{7EE1DB03-16A5-4465-9164-061BE0C88B8C} = {7EE1DB03-16A5-4465-9164-061BE0C88B8C}
		{0C16E98C-A372-4E58-990D-EE276B32644E} = {0C16E98C-A372-4E58-990D-EE276B32644E}
		{7E69F3AB-E629-4AD4-A1FA-BE6BF678CDFF} = {7E69F3AB-E629-4AD4-A1FA-BE6BF678CDFF}
	EndProjectSection
EndProject
Project("{8BC9CEB8-8B4A-11D0-8D11-00A0C91BC942}") = "test_gen_rpc", "util\gen_rpc\test_gen_rpc.vcproj", "{5A5C3F75-C370-4620-8068-4CEDEB89F035}"
	ProjectSection(ProjectDependencies) = postProject
		{7EE1DB03-16A5-4465-9164-061BE0C88B8C} = {7EE1DB03-16A5-4465-9164-061BE0C88B8C}
		{7E69F3AB-E629-4AD4-A1FA-BE6BF678CDFF} = {7E69F3AB-E629-4AD4-A1FA-BE6BF678CDFF}
	EndProjectSection
EndProject
Project("{8BC9CEB8-8B4A-11D0-8D11-00A0C91BC942}") = "test_imager", "CLIENT_SRC\test_imager.vcproj", "{3A77BE37-0660-4CC9-A7F8-CE83070278CB}"
	ProjectSection(ProjectDependencies) = postProject
		{7EE1DB03-16A5-4465-9164-061BE0C88B8C} = {7EE1DB03-16A5-4465-9164-061BE0C88B8C}
		{7E69F3AB-E629-4AD4-A1FA-BE6BF678CDFF} = {7E69F3AB-E629-4AD4-A1FA-BE6BF678CDFF}
	EndProjectSection
EndProject
Project("{8BC9CEB8-8B4A-11D0-8D11-00A0C91BC942}") = "test_radamec_spi", "server_src\test_radamec_spi.vcproj", "{65E26214-D2DE-4577-93E7-9A34C968C341}"
	ProjectSection(ProjectDependencies) = postProject
		{7EE1DB03-16A5-4465-9164-061BE0C88B8C} = {7EE1DB03-16A5-4465-9164-061BE0C88B8C}
		{7E69F3AB-E629-4AD4-A1FA-BE6BF678CDFF} = {7E69F3AB-E629-4AD4-A1FA-BE6BF678CDFF}
	EndProjectSection
EndProject
Project("{8BC9CEB8-8B4A-11D0-8D11-00A0C91BC942}") = "test_vrpn", "server_src\test_vrpn.vcproj", "{5AFB984D-A654-4957-A2C8-387083A6FFDC}"
	ProjectSection(ProjectDependencies) = postProject
		{7EE1DB03-16A5-4465-9164-061BE0C88B8C} = {7EE1DB03-16A5-4465-9164-061BE0C88B8C}
		{0C16E98C-A372-4E58-990D-EE276B32644E} = {0C16E98C-A372-4E58-990D-EE276B32644E}
		{7E69F3AB-E629-4AD4-A1FA-BE6BF678CDFF} = {7E69F3AB-E629-4AD4-A1FA-BE6BF678CDFF}
	EndProjectSection
EndProject
Project("{8BC9CEB8-8B4A-11D0-8D11-00A0C91BC942}") = "test_zaber", "client_src\test_zaber.vcproj", "{218270DA-87E3-4DF5-9550-FE9A9B07BFBB}"
	ProjectSection(ProjectDependencies) = postProject
		{7EE1DB03-16A5-4465-9164-061BE0C88B8C} = {7EE1DB03-16A5-4465-9164-061BE0C88B8C}
		{7E69F3AB-E629-4AD4-A1FA-BE6BF678CDFF} = {7E69F3AB-E629-4AD4-A1FA-BE6BF678CDFF}
	EndProjectSection
EndProject
Project("{8BC9CEB8-8B4A-11D0-8D11-00A0C91BC942}") = "testimager_client", "client_src\testimager_client.vcproj", "{AC3D4ACE-C143-484A-B4E7-2EC70AA12781}"
	ProjectSection(ProjectDependencies) = postProject
		{7EE1DB03-16A5-4465-9164-061BE0C88B8C} = {7EE1DB03-16A5-4465-9164-061BE0C88B8C}
		{7E69F3AB-E629-4AD4-A1FA-BE6BF678CDFF} = {7E69F3AB-E629-4AD4-A1FA-BE6BF678CDFF}
	EndProjectSection
EndProject
Project("{8BC9CEB8-8B4A-11D0-8D11-00A0C91BC942}") = "testimager_server", "server_src\testimager_server.vcproj", "{922B4D4C-396E-46A7-91BB-FE9BBB80FE78}"
	ProjectSection(ProjectDependencies) = postProject
		{7EE1DB03-16A5-4465-9164-061BE0C88B8C} = {7EE1DB03-16A5-4465-9164-061BE0C88B8C}
		{7E69F3AB-E629-4AD4-A1FA-BE6BF678CDFF} = {7E69F3AB-E629-4AD4-A1FA-BE6BF678CDFF}
	EndProjectSection
EndProject
Project("{8BC9CEB8-8B4A-11D0-8D11-00A0C91BC942}") = "time_test", "time_test.vcproj", "{AF7B0B97-2F3F-419A-81C6-ED55FE6ADD50}"
	ProjectSection(ProjectDependencies) = postProject
		{7EE1DB03-16A5-4465-9164-061BE0C88B8C} = {7EE1DB03-16A5-4465-9164-061BE0C88B8C}
		{7E69F3AB-E629-4AD4-A1FA-BE6BF678CDFF} = {7E69F3AB-E629-4AD4-A1FA-BE6BF678CDFF}
	EndProjectSection
EndProject
Project("{8BC9CEB8-8B4A-11D0-8D11-00A0C91BC942}") = "timecode_generator", "server_src\timecode_generator_server\timecode_generator.vcproj", "{9D824AA0-9A28-45D1-B387-7CD546533493}"
	ProjectSection(ProjectDependencies) = postProject
		{7EE1DB03-16A5-4465-9164-061BE0C88B8C} = {7EE1DB03-16A5-4465-9164-061BE0C88B8C}
		{7E69F3AB-E629-4AD4-A1FA-BE6BF678CDFF} = {7E69F3AB-E629-4AD4-A1FA-BE6BF678CDFF}
	EndProjectSection
EndProject
Project("{8BC9CEB8-8B4A-11D0-8D11-00A0C91BC942}") = "tracker_to_poser", "CLIENT_SRC\tracker_to_poser.vcproj", "{1AC1C1EB-400A-4838-AC5E-48F3F9CE7D5C}"
	ProjectSection(ProjectDependencies) = postProject
		{7EE1DB03-16A5-4465-9164-061BE0C88B8C} = {7EE1DB03-16A5-4465-9164-061BE0C88B8C}
		{0C16E98C-A372-4E58-990D-EE276B32644E} = {0C16E98C-A372-4E58-990D-EE276B32644E}
		{7E69F3AB-E629-4AD4-A1FA-BE6BF678CDFF} = {7E69F3AB-E629-4AD4-A1FA-BE6BF678CDFF}
	EndProjectSection
EndProject
Project("{8BC9CEB8-8B4A-11D0-8D11-00A0C91BC942}") = "vrpn", "vrpn.vcproj", "{7EE1DB03-16A5-4465-9164-061BE0C88B8C}"
	ProjectSection(ProjectDependencies) = postProject
		{D60E311B-657F-444E-9A0E-5218B37D5551} = {D60E311B-657F-444E-9A0E-5218B37D5551}
		{0C16E98C-A372-4E58-990D-EE276B32644E} = {0C16E98C-A372-4E58-990D-EE276B32644E}
	EndProjectSection
EndProject
Project("{8BC9CEB8-8B4A-11D0-8D11-00A0C91BC942}") = "vrpn_phantom", "server_src\vrpn_phantom.vcproj", "{92F85D1B-4F9A-4C68-AFE2-8763A7BFDF49}"
	ProjectSection(ProjectDependencies) = postProject
		{7EE1DB03-16A5-4465-9164-061BE0C88B8C} = {7EE1DB03-16A5-4465-9164-061BE0C88B8C}
	EndProjectSection
EndProject
Project("{8BC9CEB8-8B4A-11D0-8D11-00A0C91BC942}") = "vrpn_print_devices", "client_src\vrpn_print_devices.vcproj", "{AED1729B-0600-4ECD-BE20-9F1964FFD2C8}"
	ProjectSection(ProjectDependencies) = postProject
		{7EE1DB03-16A5-4465-9164-061BE0C88B8C} = {7EE1DB03-16A5-4465-9164-061BE0C88B8C}
		{0C16E98C-A372-4E58-990D-EE276B32644E} = {0C16E98C-A372-4E58-990D-EE276B32644E}
		{7E69F3AB-E629-4AD4-A1FA-BE6BF678CDFF} = {7E69F3AB-E629-4AD4-A1FA-BE6BF678CDFF}
	EndProjectSection
EndProject
Project("{8BC9CEB8-8B4A-11D0-8D11-00A0C91BC942}") = "vrpn_server", "server_src\vrpn_server.vcproj", "{92162D21-8739-4DF2-89AC-7629B294F1C4}"
	ProjectSection(ProjectDependencies) = postProject
		{7EE1DB03-16A5-4465-9164-061BE0C88B8C} = {7EE1DB03-16A5-4465-9164-061BE0C88B8C}
		{92F85D1B-4F9A-4C68-AFE2-8763A7BFDF49} = {92F85D1B-4F9A-4C68-AFE2-8763A7BFDF49}
		{0C16E98C-A372-4E58-990D-EE276B32644E} = {0C16E98C-A372-4E58-990D-EE276B32644E}
		{9D824AA0-9A28-45D1-B387-7CD546533493} = {9D824AA0-9A28-45D1-B387-7CD546533493}
	EndProjectSection
EndProject
Project("{8BC9CEB8-8B4A-11D0-8D11-00A0C91BC942}") = "vrpndll", "vrpndll.vcproj", "{5F38B32E-B5AE-4316-B15E-9E21D033B1BE}"
	ProjectSection(ProjectDependencies) = postProject
		{7EE1DB03-16A5-4465-9164-061BE0C88B8C} = {7EE1DB03-16A5-4465-9164-061BE0C88B8C}
		{D60E311B-657F-444E-9A0E-5218B37D5551} = {D60E311B-657F-444E-9A0E-5218B37D5551}
		{0C16E98C-A372-4E58-990D-EE276B32644E} = {0C16E98C-A372-4E58-990D-EE276B32644E}
	EndProjectSection
EndProject
Project("{8BC9CEB8-8B4A-11D0-8D11-00A0C91BC942}") = "DirectShow_baseclasses", "server_src\directshow_video_server\DirectShow_baseclasses.vcproj", "{C3262E68-CC9B-4EA3-9AA5-43417526FE5B}"
EndProject
Project("{8BC9CEB8-8B4A-11D0-8D11-00A0C91BC942}") = "directshow_video_server", "server_src\directshow_video_server\directshow_video_server.vcproj", "{F7E929EB-6422-40BF-84FF-C8D74E192567}"
	ProjectSection(ProjectDependencies) = postProject
		{7EE1DB03-16A5-4465-9164-061BE0C88B8C} = {7EE1DB03-16A5-4465-9164-061BE0C88B8C}
		{C3262E68-CC9B-4EA3-9AA5-43417526FE5B} = {C3262E68-CC9B-4EA3-9AA5-43417526FE5B}
	EndProjectSection
EndProject
Project("{8BC9CEB8-8B4A-11D0-8D11-00A0C91BC942}") = "vrpn_hid_device_watcher", "server_src\vrpn_hid_device_watcher.vcproj", "{64ABF6C2-FEC3-4F0E-A164-AE2179F334DB}"
	ProjectSection(ProjectDependencies) = postProject
		{7EE1DB03-16A5-4465-9164-061BE0C88B8C} = {7EE1DB03-16A5-4465-9164-061BE0C88B8C}
	EndProjectSection
EndProject
Project("{8BC9CEB8-8B4A-11D0-8D11-00A0C91BC942}") = "test_auxiliary_logger", "server_src\test_auxiliary_logger.vcproj", "{D3E2077E-765E-42D6-AD31-B41EE6630DF3}"
	ProjectSection(ProjectDependencies) = postProject
		{7EE1DB03-16A5-4465-9164-061BE0C88B8C} = {7EE1DB03-16A5-4465-9164-061BE0C88B8C}
	EndProjectSection
EndProject
Project("{8BC9CEB8-8B4A-11D0-8D11-00A0C91BC942}") = "test_logging", "server_src\test_logging.vcproj", "{BC7D2A06-CDC7-45AC-9CD9-4911B7A65059}"
	ProjectSection(ProjectDependencies) = postProject
		{7EE1DB03-16A5-4465-9164-061BE0C88B8C} = {7EE1DB03-16A5-4465-9164-061BE0C88B8C}
	EndProjectSection
EndProject
Project("{8BC9CEB8-8B4A-11D0-8D11-00A0C91BC942}") = "test_rumble", "server_src\test_rumble.vcproj", "{25163426-6EF1-461C-84BC-DA4FD6BDC88A}"
	ProjectSection(ProjectDependencies) = postProject
		{7EE1DB03-16A5-4465-9164-061BE0C88B8C} = {7EE1DB03-16A5-4465-9164-061BE0C88B8C}
		{7E69F3AB-E629-4AD4-A1FA-BE6BF678CDFF} = {7E69F3AB-E629-4AD4-A1FA-BE6BF678CDFF}
	EndProjectSection
EndProject
Project("{8BC9CEB8-8B4A-11D0-8D11-00A0C91BC942}") = "run_auxiliary_logger", "client_src\run_auxiliary_logger.vcproj", "{1D303E7B-DBBD-409B-BBEC-2A11AF9847A9}"
	ProjectSection(ProjectDependencies) = postProject
		{7EE1DB03-16A5-4465-9164-061BE0C88B8C} = {7EE1DB03-16A5-4465-9164-061BE0C88B8C}
		{7E69F3AB-E629-4AD4-A1FA-BE6BF678CDFF} = {7E69F3AB-E629-4AD4-A1FA-BE6BF678CDFF}
	EndProjectSection
EndProject
Project("{8BC9CEB8-8B4A-11D0-8D11-00A0C91BC942}") = "test_freespace", "server_src\test_freespace.vcproj", "{E78DD78A-4E96-44EA-975E-55D647DF7270}"
	ProjectSection(ProjectDependencies) = postProject
		{7EE1DB03-16A5-4465-9164-061BE0C88B8C} = {7EE1DB03-16A5-4465-9164-061BE0C88B8C}
	EndProjectSection
EndProject
Project("{8BC9CEB8-8B4A-11D0-8D11-00A0C91BC942}") = "quatlib", "quat\quatlib.vcproj", "{0C16E98C-A372-4E58-990D-EE276B32644E}"
EndProject
Project("{8BC9CEB8-8B4A-11D0-8D11-00A0C91BC942}") = "gpsnmealib", "gpsnmealib\gpsnmealib.vcproj", "{D60E311B-657F-444E-9A0E-5218B37D5551}"
EndProject
Global
	GlobalSection(SolutionConfigurationPlatforms) = preSolution
		Debug|Win32 = Debug|Win32
		Debug|Win32 Release = Debug|Win32 Release
		Release|Win32 = Release|Win32
		Release|Win32 Release = Release|Win32 Release
	EndGlobalSection
	GlobalSection(ProjectConfigurationPlatforms) = postSolution
		{E99FB2FA-3281-4DBE-905E-F4C7F4183F09}.Debug|Win32.ActiveCfg = Debug|Win32
		{E99FB2FA-3281-4DBE-905E-F4C7F4183F09}.Debug|Win32.Build.0 = Debug|Win32
		{E99FB2FA-3281-4DBE-905E-F4C7F4183F09}.Debug|Win32 Release.ActiveCfg = Debug|Win32
		{E99FB2FA-3281-4DBE-905E-F4C7F4183F09}.Debug|Win32 Release.Build.0 = Debug|Win32
		{E99FB2FA-3281-4DBE-905E-F4C7F4183F09}.Release|Win32.ActiveCfg = Release|Win32
		{E99FB2FA-3281-4DBE-905E-F4C7F4183F09}.Release|Win32.Build.0 = Release|Win32
		{E99FB2FA-3281-4DBE-905E-F4C7F4183F09}.Release|Win32 Release.ActiveCfg = Release|Win32
		{9B18AC3E-2CA6-425A-9049-228821F3D081}.Debug|Win32.ActiveCfg = Debug|Win32
		{9B18AC3E-2CA6-425A-9049-228821F3D081}.Debug|Win32.Build.0 = Debug|Win32
		{9B18AC3E-2CA6-425A-9049-228821F3D081}.Debug|Win32 Release.ActiveCfg = Debug|Win32
		{9B18AC3E-2CA6-425A-9049-228821F3D081}.Debug|Win32 Release.Build.0 = Debug|Win32
		{9B18AC3E-2CA6-425A-9049-228821F3D081}.Release|Win32.ActiveCfg = Release|Win32
		{9B18AC3E-2CA6-425A-9049-228821F3D081}.Release|Win32.Build.0 = Release|Win32
		{9B18AC3E-2CA6-425A-9049-228821F3D081}.Release|Win32 Release.ActiveCfg = Debug|Win32
		{9B18AC3E-2CA6-425A-9049-228821F3D081}.Release|Win32 Release.Build.0 = Debug|Win32
		{49248084-B6D2-4E33-BA43-BF51953377AC}.Debug|Win32.ActiveCfg = Debug|Win32
		{49248084-B6D2-4E33-BA43-BF51953377AC}.Debug|Win32 Release.ActiveCfg = Debug|Win32
		{49248084-B6D2-4E33-BA43-BF51953377AC}.Release|Win32.ActiveCfg = Release|Win32
		{49248084-B6D2-4E33-BA43-BF51953377AC}.Release|Win32 Release.ActiveCfg = Debug|Win32
		{91042ED0-E0EC-40E1-9AEB-FD5296EA11A7}.Debug|Win32.ActiveCfg = Debug|Win32
		{91042ED0-E0EC-40E1-9AEB-FD5296EA11A7}.Debug|Win32.Build.0 = Debug|Win32
		{91042ED0-E0EC-40E1-9AEB-FD5296EA11A7}.Debug|Win32 Release.ActiveCfg = Debug|Win32
		{91042ED0-E0EC-40E1-9AEB-FD5296EA11A7}.Debug|Win32 Release.Build.0 = Debug|Win32
		{91042ED0-E0EC-40E1-9AEB-FD5296EA11A7}.Release|Win32.ActiveCfg = Release|Win32
		{91042ED0-E0EC-40E1-9AEB-FD5296EA11A7}.Release|Win32.Build.0 = Release|Win32
		{91042ED0-E0EC-40E1-9AEB-FD5296EA11A7}.Release|Win32 Release.ActiveCfg = Debug|Win32
		{91042ED0-E0EC-40E1-9AEB-FD5296EA11A7}.Release|Win32 Release.Build.0 = Debug|Win32
		{7E69F3AB-E629-4AD4-A1FA-BE6BF678CDFF}.Debug|Win32.ActiveCfg = Debug|Win32
		{7E69F3AB-E629-4AD4-A1FA-BE6BF678CDFF}.Debug|Win32.Build.0 = Debug|Win32
		{7E69F3AB-E629-4AD4-A1FA-BE6BF678CDFF}.Debug|Win32 Release.ActiveCfg = Debug|Win32
		{7E69F3AB-E629-4AD4-A1FA-BE6BF678CDFF}.Debug|Win32 Release.Build.0 = Debug|Win32
		{7E69F3AB-E629-4AD4-A1FA-BE6BF678CDFF}.Release|Win32.ActiveCfg = Release|Win32
		{7E69F3AB-E629-4AD4-A1FA-BE6BF678CDFF}.Release|Win32.Build.0 = Release|Win32
		{7E69F3AB-E629-4AD4-A1FA-BE6BF678CDFF}.Release|Win32 Release.ActiveCfg = Debug|Win32
		{7E69F3AB-E629-4AD4-A1FA-BE6BF678CDFF}.Release|Win32 Release.Build.0 = Debug|Win32
		{4FC1C71E-8977-438B-AE1D-F1CD7D2C2D03}.Debug|Win32.ActiveCfg = Debug|Win32
		{4FC1C71E-8977-438B-AE1D-F1CD7D2C2D03}.Debug|Win32.Build.0 = Debug|Win32
		{4FC1C71E-8977-438B-AE1D-F1CD7D2C2D03}.Debug|Win32 Release.ActiveCfg = Debug|Win32
		{4FC1C71E-8977-438B-AE1D-F1CD7D2C2D03}.Debug|Win32 Release.Build.0 = Debug|Win32
		{4FC1C71E-8977-438B-AE1D-F1CD7D2C2D03}.Release|Win32.ActiveCfg = Release|Win32
		{4FC1C71E-8977-438B-AE1D-F1CD7D2C2D03}.Release|Win32.Build.0 = Release|Win32
		{4FC1C71E-8977-438B-AE1D-F1CD7D2C2D03}.Release|Win32 Release.ActiveCfg = Debug|Win32
		{4FC1C71E-8977-438B-AE1D-F1CD7D2C2D03}.Release|Win32 Release.Build.0 = Debug|Win32
		{A1B0D907-E30D-4CB9-B313-D342AD5CC3E7}.Debug|Win32.ActiveCfg = Debug|Win32
		{A1B0D907-E30D-4CB9-B313-D342AD5CC3E7}.Debug|Win32.Build.0 = Debug|Win32
		{A1B0D907-E30D-4CB9-B313-D342AD5CC3E7}.Debug|Win32 Release.ActiveCfg = Debug|Win32
		{A1B0D907-E30D-4CB9-B313-D342AD5CC3E7}.Debug|Win32 Release.Build.0 = Debug|Win32
		{A1B0D907-E30D-4CB9-B313-D342AD5CC3E7}.Release|Win32.ActiveCfg = Release|Win32
		{A1B0D907-E30D-4CB9-B313-D342AD5CC3E7}.Release|Win32.Build.0 = Release|Win32
		{A1B0D907-E30D-4CB9-B313-D342AD5CC3E7}.Release|Win32 Release.ActiveCfg = Debug|Win32
		{A1B0D907-E30D-4CB9-B313-D342AD5CC3E7}.Release|Win32 Release.Build.0 = Debug|Win32
		{14E21AB6-F3E9-4CA9-BF51-1E9443979B3C}.Debug|Win32.ActiveCfg = Debug|Win32
		{14E21AB6-F3E9-4CA9-BF51-1E9443979B3C}.Debug|Win32.Build.0 = Debug|Win32
		{14E21AB6-F3E9-4CA9-BF51-1E9443979B3C}.Debug|Win32 Release.ActiveCfg = Debug|Win32
		{14E21AB6-F3E9-4CA9-BF51-1E9443979B3C}.Debug|Win32 Release.Build.0 = Debug|Win32
		{14E21AB6-F3E9-4CA9-BF51-1E9443979B3C}.Release|Win32.ActiveCfg = Release|Win32
		{14E21AB6-F3E9-4CA9-BF51-1E9443979B3C}.Release|Win32.Build.0 = Release|Win32
		{14E21AB6-F3E9-4CA9-BF51-1E9443979B3C}.Release|Win32 Release.ActiveCfg = Debug|Win32
		{14E21AB6-F3E9-4CA9-BF51-1E9443979B3C}.Release|Win32 Release.Build.0 = Debug|Win32
		{ACD7DC44-3F1B-4321-86E0-2623B7CA0971}.Debug|Win32.ActiveCfg = Debug|Win32
		{ACD7DC44-3F1B-4321-86E0-2623B7CA0971}.Debug|Win32.Build.0 = Debug|Win32
		{ACD7DC44-3F1B-4321-86E0-2623B7CA0971}.Debug|Win32 Release.ActiveCfg = Debug|Win32
		{ACD7DC44-3F1B-4321-86E0-2623B7CA0971}.Debug|Win32 Release.Build.0 = Debug|Win32
		{ACD7DC44-3F1B-4321-86E0-2623B7CA0971}.Release|Win32.ActiveCfg = Release|Win32
		{ACD7DC44-3F1B-4321-86E0-2623B7CA0971}.Release|Win32.Build.0 = Release|Win32
		{ACD7DC44-3F1B-4321-86E0-2623B7CA0971}.Release|Win32 Release.ActiveCfg = Debug|Win32
		{ACD7DC44-3F1B-4321-86E0-2623B7CA0971}.Release|Win32 Release.Build.0 = Debug|Win32
		{5A5C3F75-C370-4620-8068-4CEDEB89F035}.Debug|Win32.ActiveCfg = Debug|Win32
		{5A5C3F75-C370-4620-8068-4CEDEB89F035}.Debug|Win32 Release.ActiveCfg = Debug|Win32
		{5A5C3F75-C370-4620-8068-4CEDEB89F035}.Release|Win32.ActiveCfg = Release|Win32
		{5A5C3F75-C370-4620-8068-4CEDEB89F035}.Release|Win32 Release.ActiveCfg = Release|Win32
		{3A77BE37-0660-4CC9-A7F8-CE83070278CB}.Debug|Win32.ActiveCfg = Debug|Win32
		{3A77BE37-0660-4CC9-A7F8-CE83070278CB}.Debug|Win32.Build.0 = Debug|Win32
		{3A77BE37-0660-4CC9-A7F8-CE83070278CB}.Debug|Win32 Release.ActiveCfg = Debug|Win32
		{3A77BE37-0660-4CC9-A7F8-CE83070278CB}.Debug|Win32 Release.Build.0 = Debug|Win32
		{3A77BE37-0660-4CC9-A7F8-CE83070278CB}.Release|Win32.ActiveCfg = Release|Win32
		{3A77BE37-0660-4CC9-A7F8-CE83070278CB}.Release|Win32.Build.0 = Release|Win32
		{3A77BE37-0660-4CC9-A7F8-CE83070278CB}.Release|Win32 Release.ActiveCfg = Release|Win32
		{3A77BE37-0660-4CC9-A7F8-CE83070278CB}.Release|Win32 Release.Build.0 = Release|Win32
		{65E26214-D2DE-4577-93E7-9A34C968C341}.Debug|Win32.ActiveCfg = Debug|Win32
		{65E26214-D2DE-4577-93E7-9A34C968C341}.Debug|Win32.Build.0 = Debug|Win32
		{65E26214-D2DE-4577-93E7-9A34C968C341}.Debug|Win32 Release.ActiveCfg = Debug|Win32
		{65E26214-D2DE-4577-93E7-9A34C968C341}.Debug|Win32 Release.Build.0 = Debug|Win32
		{65E26214-D2DE-4577-93E7-9A34C968C341}.Release|Win32.ActiveCfg = Release|Win32
		{65E26214-D2DE-4577-93E7-9A34C968C341}.Release|Win32.Build.0 = Release|Win32
		{65E26214-D2DE-4577-93E7-9A34C968C341}.Release|Win32 Release.ActiveCfg = Release|Win32
		{65E26214-D2DE-4577-93E7-9A34C968C341}.Release|Win32 Release.Build.0 = Release|Win32
		{5AFB984D-A654-4957-A2C8-387083A6FFDC}.Debug|Win32.ActiveCfg = Debug|Win32
		{5AFB984D-A654-4957-A2C8-387083A6FFDC}.Debug|Win32.Build.0 = Debug|Win32
		{5AFB984D-A654-4957-A2C8-387083A6FFDC}.Debug|Win32 Release.ActiveCfg = Debug|Win32
		{5AFB984D-A654-4957-A2C8-387083A6FFDC}.Debug|Win32 Release.Build.0 = Debug|Win32
		{5AFB984D-A654-4957-A2C8-387083A6FFDC}.Release|Win32.ActiveCfg = Release|Win32
		{5AFB984D-A654-4957-A2C8-387083A6FFDC}.Release|Win32.Build.0 = Release|Win32
		{5AFB984D-A654-4957-A2C8-387083A6FFDC}.Release|Win32 Release.ActiveCfg = Release|Win32
		{5AFB984D-A654-4957-A2C8-387083A6FFDC}.Release|Win32 Release.Build.0 = Release|Win32
		{218270DA-87E3-4DF5-9550-FE9A9B07BFBB}.Debug|Win32.ActiveCfg = Debug|Win32
		{218270DA-87E3-4DF5-9550-FE9A9B07BFBB}.Debug|Win32.Build.0 = Debug|Win32
		{218270DA-87E3-4DF5-9550-FE9A9B07BFBB}.Debug|Win32 Release.ActiveCfg = Debug|Win32
		{218270DA-87E3-4DF5-9550-FE9A9B07BFBB}.Release|Win32.ActiveCfg = Release|Win32
		{218270DA-87E3-4DF5-9550-FE9A9B07BFBB}.Release|Win32.Build.0 = Release|Win32
		{218270DA-87E3-4DF5-9550-FE9A9B07BFBB}.Release|Win32 Release.ActiveCfg = Release|Win32
		{218270DA-87E3-4DF5-9550-FE9A9B07BFBB}.Release|Win32 Release.Build.0 = Release|Win32
		{AC3D4ACE-C143-484A-B4E7-2EC70AA12781}.Debug|Win32.ActiveCfg = Debug|Win32
		{AC3D4ACE-C143-484A-B4E7-2EC70AA12781}.Debug|Win32 Release.ActiveCfg = Debug|Win32
		{AC3D4ACE-C143-484A-B4E7-2EC70AA12781}.Debug|Win32 Release.Build.0 = Debug|Win32
		{AC3D4ACE-C143-484A-B4E7-2EC70AA12781}.Release|Win32.ActiveCfg = Release|Win32
		{AC3D4ACE-C143-484A-B4E7-2EC70AA12781}.Release|Win32 Release.ActiveCfg = Release|Win32
		{AC3D4ACE-C143-484A-B4E7-2EC70AA12781}.Release|Win32 Release.Build.0 = Release|Win32
		{922B4D4C-396E-46A7-91BB-FE9BBB80FE78}.Debug|Win32.ActiveCfg = Debug|Win32
		{922B4D4C-396E-46A7-91BB-FE9BBB80FE78}.Debug|Win32.Build.0 = Debug|Win32
		{922B4D4C-396E-46A7-91BB-FE9BBB80FE78}.Debug|Win32 Release.ActiveCfg = Debug|Win32
		{922B4D4C-396E-46A7-91BB-FE9BBB80FE78}.Debug|Win32 Release.Build.0 = Debug|Win32
		{922B4D4C-396E-46A7-91BB-FE9BBB80FE78}.Release|Win32.ActiveCfg = Release|Win32
		{922B4D4C-396E-46A7-91BB-FE9BBB80FE78}.Release|Win32.Build.0 = Release|Win32
		{922B4D4C-396E-46A7-91BB-FE9BBB80FE78}.Release|Win32 Release.ActiveCfg = Release|Win32
		{922B4D4C-396E-46A7-91BB-FE9BBB80FE78}.Release|Win32 Release.Build.0 = Release|Win32
		{AF7B0B97-2F3F-419A-81C6-ED55FE6ADD50}.Debug|Win32.ActiveCfg = Debug|Win32
		{AF7B0B97-2F3F-419A-81C6-ED55FE6ADD50}.Debug|Win32.Build.0 = Debug|Win32
		{AF7B0B97-2F3F-419A-81C6-ED55FE6ADD50}.Debug|Win32 Release.ActiveCfg = Debug|Win32
		{AF7B0B97-2F3F-419A-81C6-ED55FE6ADD50}.Debug|Win32 Release.Build.0 = Debug|Win32
		{AF7B0B97-2F3F-419A-81C6-ED55FE6ADD50}.Release|Win32.ActiveCfg = Release|Win32
		{AF7B0B97-2F3F-419A-81C6-ED55FE6ADD50}.Release|Win32.Build.0 = Release|Win32
		{AF7B0B97-2F3F-419A-81C6-ED55FE6ADD50}.Release|Win32 Release.ActiveCfg = Release|Win32
		{AF7B0B97-2F3F-419A-81C6-ED55FE6ADD50}.Release|Win32 Release.Build.0 = Release|Win32
		{9D824AA0-9A28-45D1-B387-7CD546533493}.Debug|Win32.ActiveCfg = Debug|Win32
		{9D824AA0-9A28-45D1-B387-7CD546533493}.Debug|Win32.Build.0 = Debug|Win32
		{9D824AA0-9A28-45D1-B387-7CD546533493}.Debug|Win32 Release.ActiveCfg = Debug|Win32
		{9D824AA0-9A28-45D1-B387-7CD546533493}.Debug|Win32 Release.Build.0 = Debug|Win32
		{9D824AA0-9A28-45D1-B387-7CD546533493}.Release|Win32.ActiveCfg = Release|Win32
		{9D824AA0-9A28-45D1-B387-7CD546533493}.Release|Win32.Build.0 = Release|Win32
		{9D824AA0-9A28-45D1-B387-7CD546533493}.Release|Win32 Release.ActiveCfg = Release|Win32
		{9D824AA0-9A28-45D1-B387-7CD546533493}.Release|Win32 Release.Build.0 = Release|Win32
		{1AC1C1EB-400A-4838-AC5E-48F3F9CE7D5C}.Debug|Win32.ActiveCfg = Debug|Win32
		{1AC1C1EB-400A-4838-AC5E-48F3F9CE7D5C}.Debug|Win32.Build.0 = Debug|Win32
		{1AC1C1EB-400A-4838-AC5E-48F3F9CE7D5C}.Debug|Win32 Release.ActiveCfg = Debug|Win32
		{1AC1C1EB-400A-4838-AC5E-48F3F9CE7D5C}.Debug|Win32 Release.Build.0 = Debug|Win32
		{1AC1C1EB-400A-4838-AC5E-48F3F9CE7D5C}.Release|Win32.ActiveCfg = Release|Win32
		{1AC1C1EB-400A-4838-AC5E-48F3F9CE7D5C}.Release|Win32.Build.0 = Release|Win32
		{1AC1C1EB-400A-4838-AC5E-48F3F9CE7D5C}.Release|Win32 Release.ActiveCfg = Release|Win32
		{1AC1C1EB-400A-4838-AC5E-48F3F9CE7D5C}.Release|Win32 Release.Build.0 = Release|Win32
		{7EE1DB03-16A5-4465-9164-061BE0C88B8C}.Debug|Win32.ActiveCfg = Debug|Win32
		{7EE1DB03-16A5-4465-9164-061BE0C88B8C}.Debug|Win32.Build.0 = Debug|Win32
		{7EE1DB03-16A5-4465-9164-061BE0C88B8C}.Debug|Win32 Release.ActiveCfg = Debug|Win32
		{7EE1DB03-16A5-4465-9164-061BE0C88B8C}.Debug|Win32 Release.Build.0 = Debug|Win32
		{7EE1DB03-16A5-4465-9164-061BE0C88B8C}.Release|Win32.ActiveCfg = Release|Win32
		{7EE1DB03-16A5-4465-9164-061BE0C88B8C}.Release|Win32.Build.0 = Release|Win32
		{7EE1DB03-16A5-4465-9164-061BE0C88B8C}.Release|Win32 Release.ActiveCfg = Release|Win32
		{7EE1DB03-16A5-4465-9164-061BE0C88B8C}.Release|Win32 Release.Build.0 = Release|Win32
		{92F85D1B-4F9A-4C68-AFE2-8763A7BFDF49}.Debug|Win32.ActiveCfg = Debug|Win32
		{92F85D1B-4F9A-4C68-AFE2-8763A7BFDF49}.Debug|Win32.Build.0 = Debug|Win32
		{92F85D1B-4F9A-4C68-AFE2-8763A7BFDF49}.Debug|Win32 Release.ActiveCfg = Debug|Win32
		{92F85D1B-4F9A-4C68-AFE2-8763A7BFDF49}.Release|Win32.ActiveCfg = Release|Win32
		{92F85D1B-4F9A-4C68-AFE2-8763A7BFDF49}.Release|Win32.Build.0 = Release|Win32
		{92F85D1B-4F9A-4C68-AFE2-8763A7BFDF49}.Release|Win32 Release.ActiveCfg = Release|Win32
		{AED1729B-0600-4ECD-BE20-9F1964FFD2C8}.Debug|Win32.ActiveCfg = Debug|Win32
		{AED1729B-0600-4ECD-BE20-9F1964FFD2C8}.Debug|Win32.Build.0 = Debug|Win32
		{AED1729B-0600-4ECD-BE20-9F1964FFD2C8}.Debug|Win32 Release.ActiveCfg = Debug|Win32
		{AED1729B-0600-4ECD-BE20-9F1964FFD2C8}.Debug|Win32 Release.Build.0 = Debug|Win32
		{AED1729B-0600-4ECD-BE20-9F1964FFD2C8}.Release|Win32.ActiveCfg = Release|Win32
		{AED1729B-0600-4ECD-BE20-9F1964FFD2C8}.Release|Win32.Build.0 = Release|Win32
		{AED1729B-0600-4ECD-BE20-9F1964FFD2C8}.Release|Win32 Release.ActiveCfg = Release|Win32
		{AED1729B-0600-4ECD-BE20-9F1964FFD2C8}.Release|Win32 Release.Build.0 = Release|Win32
		{92162D21-8739-4DF2-89AC-7629B294F1C4}.Debug|Win32.ActiveCfg = Debug|Win32
		{92162D21-8739-4DF2-89AC-7629B294F1C4}.Debug|Win32.Build.0 = Debug|Win32
		{92162D21-8739-4DF2-89AC-7629B294F1C4}.Debug|Win32 Release.ActiveCfg = Debug|Win32
		{92162D21-8739-4DF2-89AC-7629B294F1C4}.Debug|Win32 Release.Build.0 = Debug|Win32
		{92162D21-8739-4DF2-89AC-7629B294F1C4}.Release|Win32.ActiveCfg = Release|Win32
		{92162D21-8739-4DF2-89AC-7629B294F1C4}.Release|Win32.Build.0 = Release|Win32
		{92162D21-8739-4DF2-89AC-7629B294F1C4}.Release|Win32 Release.ActiveCfg = Release|Win32
		{92162D21-8739-4DF2-89AC-7629B294F1C4}.Release|Win32 Release.Build.0 = Release|Win32
		{5F38B32E-B5AE-4316-B15E-9E21D033B1BE}.Debug|Win32.ActiveCfg = Debug|Win32
		{5F38B32E-B5AE-4316-B15E-9E21D033B1BE}.Debug|Win32.Build.0 = Debug|Win32
		{5F38B32E-B5AE-4316-B15E-9E21D033B1BE}.Debug|Win32 Release.ActiveCfg = Debug|Win32
		{5F38B32E-B5AE-4316-B15E-9E21D033B1BE}.Debug|Win32 Release.Build.0 = Debug|Win32
		{5F38B32E-B5AE-4316-B15E-9E21D033B1BE}.Release|Win32.ActiveCfg = Release|Win32
		{5F38B32E-B5AE-4316-B15E-9E21D033B1BE}.Release|Win32.Build.0 = Release|Win32
		{5F38B32E-B5AE-4316-B15E-9E21D033B1BE}.Release|Win32 Release.ActiveCfg = Release|Win32
		{5F38B32E-B5AE-4316-B15E-9E21D033B1BE}.Release|Win32 Release.Build.0 = Release|Win32
		{C3262E68-CC9B-4EA3-9AA5-43417526FE5B}.Debug|Win32.ActiveCfg = Debug|Win32
		{C3262E68-CC9B-4EA3-9AA5-43417526FE5B}.Debug|Win32 Release.ActiveCfg = Debug|Win32
		{C3262E68-CC9B-4EA3-9AA5-43417526FE5B}.Release|Win32.ActiveCfg = Release|Win32
		{C3262E68-CC9B-4EA3-9AA5-43417526FE5B}.Release|Win32 Release.ActiveCfg = Release|Win32
		{F7E929EB-6422-40BF-84FF-C8D74E192567}.Debug|Win32.ActiveCfg = Debug|Win32
		{F7E929EB-6422-40BF-84FF-C8D74E192567}.Debug|Win32 Release.ActiveCfg = Debug|Win32
		{F7E929EB-6422-40BF-84FF-C8D74E192567}.Release|Win32.ActiveCfg = Release|Win32
		{F7E929EB-6422-40BF-84FF-C8D74E192567}.Release|Win32 Release.ActiveCfg = Release|Win32
		{64ABF6C2-FEC3-4F0E-A164-AE2179F334DB}.Debug|Win32.ActiveCfg = Debug|Win32
		{64ABF6C2-FEC3-4F0E-A164-AE2179F334DB}.Debug|Win32.Build.0 = Debug|Win32
		{64ABF6C2-FEC3-4F0E-A164-AE2179F334DB}.Debug|Win32 Release.ActiveCfg = Debug|Win32
		{64ABF6C2-FEC3-4F0E-A164-AE2179F334DB}.Release|Win32.ActiveCfg = Release|Win32
		{64ABF6C2-FEC3-4F0E-A164-AE2179F334DB}.Release|Win32.Build.0 = Release|Win32
		{64ABF6C2-FEC3-4F0E-A164-AE2179F334DB}.Release|Win32 Release.ActiveCfg = Release|Win32
		{D3E2077E-765E-42D6-AD31-B41EE6630DF3}.Debug|Win32.ActiveCfg = Debug|Win32
		{D3E2077E-765E-42D6-AD31-B41EE6630DF3}.Debug|Win32.Build.0 = Debug|Win32
		{D3E2077E-765E-42D6-AD31-B41EE6630DF3}.Debug|Win32 Release.ActiveCfg = Debug|Win32
		{D3E2077E-765E-42D6-AD31-B41EE6630DF3}.Release|Win32.ActiveCfg = Release|Win32
		{D3E2077E-765E-42D6-AD31-B41EE6630DF3}.Release|Win32.Build.0 = Release|Win32
		{D3E2077E-765E-42D6-AD31-B41EE6630DF3}.Release|Win32 Release.ActiveCfg = Release|Win32
		{BC7D2A06-CDC7-45AC-9CD9-4911B7A65059}.Debug|Win32.ActiveCfg = Debug|Win32
		{BC7D2A06-CDC7-45AC-9CD9-4911B7A65059}.Debug|Win32.Build.0 = Debug|Win32
		{BC7D2A06-CDC7-45AC-9CD9-4911B7A65059}.Debug|Win32 Release.ActiveCfg = Debug|Win32
		{BC7D2A06-CDC7-45AC-9CD9-4911B7A65059}.Release|Win32.ActiveCfg = Release|Win32
		{BC7D2A06-CDC7-45AC-9CD9-4911B7A65059}.Release|Win32.Build.0 = Release|Win32
		{BC7D2A06-CDC7-45AC-9CD9-4911B7A65059}.Release|Win32 Release.ActiveCfg = Release|Win32
		{25163426-6EF1-461C-84BC-DA4FD6BDC88A}.Debug|Win32.ActiveCfg = Debug|Win32
		{25163426-6EF1-461C-84BC-DA4FD6BDC88A}.Debug|Win32.Build.0 = Debug|Win32
		{25163426-6EF1-461C-84BC-DA4FD6BDC88A}.Debug|Win32 Release.ActiveCfg = Debug|Win32
		{25163426-6EF1-461C-84BC-DA4FD6BDC88A}.Release|Win32.ActiveCfg = Release|Win32
		{25163426-6EF1-461C-84BC-DA4FD6BDC88A}.Release|Win32.Build.0 = Release|Win32
		{25163426-6EF1-461C-84BC-DA4FD6BDC88A}.Release|Win32 Release.ActiveCfg = Release|Win32
		{1D303E7B-DBBD-409B-BBEC-2A11AF9847A9}.Debug|Win32.ActiveCfg = Debug|Win32
		{1D303E7B-DBBD-409B-BBEC-2A11AF9847A9}.Debug|Win32.Build.0 = Debug|Win32
		{1D303E7B-DBBD-409B-BBEC-2A11AF9847A9}.Debug|Win32 Release.ActiveCfg = Debug|Win32
		{1D303E7B-DBBD-409B-BBEC-2A11AF9847A9}.Release|Win32.ActiveCfg = Release|Win32
		{1D303E7B-DBBD-409B-BBEC-2A11AF9847A9}.Release|Win32.Build.0 = Release|Win32
		{1D303E7B-DBBD-409B-BBEC-2A11AF9847A9}.Release|Win32 Release.ActiveCfg = Release|Win32
		{E78DD78A-4E96-44EA-975E-55D647DF7270}.Debug|Win32.ActiveCfg = Debug|Win32
		{E78DD78A-4E96-44EA-975E-55D647DF7270}.Debug|Win32.Build.0 = Debug|Win32
		{E78DD78A-4E96-44EA-975E-55D647DF7270}.Debug|Win32 Release.ActiveCfg = Debug|Win32
		{E78DD78A-4E96-44EA-975E-55D647DF7270}.Release|Win32.ActiveCfg = Release|Win32
		{E78DD78A-4E96-44EA-975E-55D647DF7270}.Release|Win32.Build.0 = Release|Win32
		{E78DD78A-4E96-44EA-975E-55D647DF7270}.Release|Win32 Release.ActiveCfg = Release|Win32
		{0C16E98C-A372-4E58-990D-EE276B32644E}.Debug|Win32.ActiveCfg = Debug|Win32
		{0C16E98C-A372-4E58-990D-EE276B32644E}.Debug|Win32.Build.0 = Debug|Win32
		{0C16E98C-A372-4E58-990D-EE276B32644E}.Debug|Win32 Release.ActiveCfg = Debug|Win32
		{0C16E98C-A372-4E58-990D-EE276B32644E}.Release|Win32.ActiveCfg = Release|Win32
		{0C16E98C-A372-4E58-990D-EE276B32644E}.Release|Win32.Build.0 = Release|Win32
		{0C16E98C-A372-4E58-990D-EE276B32644E}.Release|Win32 Release.ActiveCfg = Release|Win32
		{D60E311B-657F-444E-9A0E-5218B37D5551}.Debug|Win32.ActiveCfg = Debug|Win32
		{D60E311B-657F-444E-9A0E-5218B37D5551}.Debug|Win32.Build.0 = Debug|Win32
		{D60E311B-657F-444E-9A0E-5218B37D5551}.Debug|Win32 Release.ActiveCfg = Debug|Win32
		{D60E311B-657F-444E-9A0E-5218B37D5551}.Release|Win32.ActiveCfg = Release|Win32
		{D60E311B-657F-444E-9A0E-5218B37D5551}.Release|Win32.Build.0 = Release|Win32
		{D60E311B-657F-444E-9A0E-5218B37D5551}.Release|Win32 Release.ActiveCfg = Release|Win32
	EndGlobalSection
	GlobalSection(SolutionProperties) = preSolution
		HideSolutionNode = FALSE
	EndGlobalSection
	GlobalSection(NestedProjects) = preSolution
		{E99FB2FA-3281-4DBE-905E-F4C7F4183F09} = {75C9A5FE-75B1-4462-AD62-A03476E1935B}
		{91042ED0-E0EC-40E1-9AEB-FD5296EA11A7} = {75C9A5FE-75B1-4462-AD62-A03476E1935B}
		{14E21AB6-F3E9-4CA9-BF51-1E9443979B3C} = {75C9A5FE-75B1-4462-AD62-A03476E1935B}
		{ACD7DC44-3F1B-4321-86E0-2623B7CA0971} = {75C9A5FE-75B1-4462-AD62-A03476E1935B}
		{5A5C3F75-C370-4620-8068-4CEDEB89F035} = {75C9A5FE-75B1-4462-AD62-A03476E1935B}
		{3A77BE37-0660-4CC9-A7F8-CE83070278CB} = {75C9A5FE-75B1-4462-AD62-A03476E1935B}
		{65E26214-D2DE-4577-93E7-9A34C968C341} = {75C9A5FE-75B1-4462-AD62-A03476E1935B}
		{5AFB984D-A654-4957-A2C8-387083A6FFDC} = {75C9A5FE-75B1-4462-AD62-A03476E1935B}
		{218270DA-87E3-4DF5-9550-FE9A9B07BFBB} = {75C9A5FE-75B1-4462-AD62-A03476E1935B}
		{AC3D4ACE-C143-484A-B4E7-2EC70AA12781} = {75C9A5FE-75B1-4462-AD62-A03476E1935B}
		{922B4D4C-396E-46A7-91BB-FE9BBB80FE78} = {75C9A5FE-75B1-4462-AD62-A03476E1935B}
		{AF7B0B97-2F3F-419A-81C6-ED55FE6ADD50} = {75C9A5FE-75B1-4462-AD62-A03476E1935B}
		{D3E2077E-765E-42D6-AD31-B41EE6630DF3} = {75C9A5FE-75B1-4462-AD62-A03476E1935B}
		{BC7D2A06-CDC7-45AC-9CD9-4911B7A65059} = {75C9A5FE-75B1-4462-AD62-A03476E1935B}
		{25163426-6EF1-461C-84BC-DA4FD6BDC88A} = {75C9A5FE-75B1-4462-AD62-A03476E1935B}
		{1D303E7B-DBBD-409B-BBEC-2A11AF9847A9} = {75C9A5FE-75B1-4462-AD62-A03476E1935B}
		{E78DD78A-4E96-44EA-975E-55D647DF7270} = {75C9A5FE-75B1-4462-AD62-A03476E1935B}
		{9B18AC3E-2CA6-425A-9049-228821F3D081} = {D0EA1EF6-1E10-4DA1-8CA7-7AB288412650}
		{4FC1C71E-8977-438B-AE1D-F1CD7D2C2D03} = {D0EA1EF6-1E10-4DA1-8CA7-7AB288412650}
		{A1B0D907-E30D-4CB9-B313-D342AD5CC3E7} = {D0EA1EF6-1E10-4DA1-8CA7-7AB288412650}
		{AED1729B-0600-4ECD-BE20-9F1964FFD2C8} = {D0EA1EF6-1E10-4DA1-8CA7-7AB288412650}
		{64ABF6C2-FEC3-4F0E-A164-AE2179F334DB} = {D0EA1EF6-1E10-4DA1-8CA7-7AB288412650}
		{7E69F3AB-E629-4AD4-A1FA-BE6BF678CDFF} = {1BEEE31E-C293-4DB6-9790-4EF575747A1D}
		{7EE1DB03-16A5-4465-9164-061BE0C88B8C} = {1BEEE31E-C293-4DB6-9790-4EF575747A1D}
		{5F38B32E-B5AE-4316-B15E-9E21D033B1BE} = {1BEEE31E-C293-4DB6-9790-4EF575747A1D}
		{0C16E98C-A372-4E58-990D-EE276B32644E} = {1BEEE31E-C293-4DB6-9790-4EF575747A1D}
		{D60E311B-657F-444E-9A0E-5218B37D5551} = {1BEEE31E-C293-4DB6-9790-4EF575747A1D}
		{9D824AA0-9A28-45D1-B387-7CD546533493} = {0B1F0287-8AEF-4D18-BF73-466D8ACA18D1}
		{92162D21-8739-4DF2-89AC-7629B294F1C4} = {0B1F0287-8AEF-4D18-BF73-466D8ACA18D1}
		{49248084-B6D2-4E33-BA43-BF51953377AC} = {B215CEE5-020A-4F34-88C6-5565792A72FD}
		{1AC1C1EB-400A-4838-AC5E-48F3F9CE7D5C} = {B215CEE5-020A-4F34-88C6-5565792A72FD}
		{C3262E68-CC9B-4EA3-9AA5-43417526FE5B} = {B215CEE5-020A-4F34-88C6-5565792A72FD}
		{F7E929EB-6422-40BF-84FF-C8D74E192567} = {B215CEE5-020A-4F34-88C6-5565792A72FD}
	EndGlobalSection
EndGlobal
