Microsoft Visual Studio Solution File, Format Version 1.00
Project("{66355F20-A65B-11D0-BFB5-00A0C91EBFA0}") = "java_vrpn", "java_vrpn.vjp", "{B7CD15FF-2845-4FFF-B44F-B45ECED8903D}"
EndProject
Global
	GlobalSection(LocalDeployment) = postSolution
		StartupProject = {B7CD15FF-2845-4FFF-B44F-B45ECED8903D}
	EndGlobalSection
	GlobalSection(BuildOrder) = postSolution
		0 = {B7CD15FF-2845-4FFF-B44F-B45ECED8903D}
	EndGlobalSection
	GlobalSection(DeploymentRoot) = postSolution
	EndGlobalSection
EndGlobal
