<?xml version="1.0" encoding="utf-8"?>
<Project ToolsVersion="4.0" xmlns="http://schemas.microsoft.com/developer/msbuild/2003">
  <ItemGroup>
    <Filter Include="Source Files">
      <UniqueIdentifier>{b8e58fee-b4e3-4dd1-a3c3-7ac2697b0275}</UniqueIdentifier>
      <Extensions>cpp;c;cxx;rc;def;r;odl;idl;hpj;bat</Extensions>
    </Filter>
    <Filter Include="Source Files\Ghost effects">
      <UniqueIdentifier>{eb4b8a97-71e3-46be-bbfd-948bb07f8624}</UniqueIdentifier>
      <Extensions>.cpp</Extensions>
    </Filter>
    <Filter Include="Header Files">
      <UniqueIdentifier>{21f57ad0-cf1e-47ac-833b-18e07299ca8a}</UniqueIdentifier>
      <Extensions>h;hpp;hxx;hm;inl</Extensions>
    </Filter>
    <Filter Include="Header Files\Ghost Effects headers">
      <UniqueIdentifier>{22d796bb-a9e7-4fa0-a3c9-db04c0d08271}</UniqueIdentifier>
      <Extensions>.h</Extensions>
    </Filter>
  </ItemGroup>
  <ItemGroup>
    <ClCompile Include="buzzForceField.C">
      <Filter>Source Files</Filter>
    </ClCompile>
    <ClCompile Include="constraint.C">
      <Filter>Source Files</Filter>
    </ClCompile>
    <ClCompile Include="forcefield.C">
      <Filter>Source Files</Filter>
    </ClCompile>
    <ClCompile Include="plane.C">
      <Filter>Source Files</Filter>
    </ClCompile>
    <ClCompile Include="texture_plane.C">
      <Filter>Source Files</Filter>
    </ClCompile>
    <ClCompile Include="trimesh.C">
      <Filter>Source Files</Filter>
    </ClCompile>
    <ClCompile Include="vrpn_Phantom.C">
      <Filter>Source Files</Filter>
    </ClCompile>
    <ClCompile Include="ghostEffects\InstantBuzzEffect.cpp">
      <Filter>Source Files\Ghost effects</Filter>
    </ClCompile>
  </ItemGroup>
  <ItemGroup>
    <ClInclude Include="buzzForceField.h">
      <Filter>Header Files</Filter>
    </ClInclude>
    <ClInclude Include="constraint.h">
      <Filter>Header Files</Filter>
    </ClInclude>
    <ClInclude Include="forcefield.h">
      <Filter>Header Files</Filter>
    </ClInclude>
    <ClInclude Include="ghost.h">
      <Filter>Header Files</Filter>
    </ClInclude>
    <ClInclude Include="plane.h">
      <Filter>Header Files</Filter>
    </ClInclude>
    <ClInclude Include="texture_plane.h">
      <Filter>Header Files</Filter>
    </ClInclude>
    <ClInclude Include="trimesh.h">
      <Filter>Header Files</Filter>
    </ClInclude>
    <ClInclude Include="vrpn_Phantom.h">
      <Filter>Header Files</Filter>
    </ClInclude>
    <ClInclude Include="ghostEffects\InstantBuzzEffect.h">
      <Filter>Header Files\Ghost Effects headers</Filter>
    </ClInclude>
  </ItemGroup>
</Project>