Microsoft Visual Studio Solution File, Format Version 1.00
Project("{66355F20-A65B-11D0-BFB5-00A0C91EBFA0}") = "test", "test.vjp", "{171CD3F2-DBE6-416A-AE8E-C963537336AB}"
EndProject
Global
	GlobalSection(LocalDeployment) = postSolution
		StartupProject = {171CD3F2-DBE6-416A-AE8E-C963537336AB}
	EndGlobalSection
	GlobalSection(BuildOrder) = postSolution
		0 = {171CD3F2-DBE6-416A-AE8E-C963537336AB}
	EndGlobalSection
	GlobalSection(DeploymentRoot) = postSolution
	EndGlobalSection
EndGlobal
